
Microsoft Visual Studio Solution File, Format Version 12.00
# Visual Studio Version 16
VisualStudioVersion = 16.0.34407.143
MinimumVisualStudioVersion = 10.0.40219.1
Project("{FAE04EC0-301F-11D3-BF4B-00C04F79EFBC}") = "SkillTracker", "SkillTracker.csproj", "{56A510CB-3D4B-43AD-BFCE-FF6272ECEE06}"
EndProject
Project("{FAE04EC0-301F-11D3-BF4B-00C04F79EFBC}") = "DataAccessLayer", "..\DataAccessLayer\DataAccessLayer.csproj", "{159DFA89-AC92-4DCA-A109-AFC35C216DE0}"
EndProject
Project("{FAE04EC0-301F-11D3-BF4B-00C04F79EFBC}") = "BusinessLogicLayer", "..\BusinessLogicLayer\BusinessLogicLayer.csproj", "{2E36DA2E-CBF1-4A50-A71A-BADA0726BAFC}"
EndProject
Global
	GlobalSection(SolutionConfigurationPlatforms) = preSolution
		Debug|Any CPU = Debug|Any CPU
		Release|Any CPU = Release|Any CPU
	EndGlobalSection
	GlobalSection(ProjectConfigurationPlatforms) = postSolution
		{56A510CB-3D4B-43AD-BFCE-FF6272ECEE06}.Debug|Any CPU.ActiveCfg = Debug|Any CPU
		{56A510CB-3D4B-43AD-BFCE-FF6272ECEE06}.Debug|Any CPU.Build.0 = Debug|Any CPU
		{56A510CB-3D4B-43AD-BFCE-FF6272ECEE06}.Release|Any CPU.ActiveCfg = Release|Any CPU
		{56A510CB-3D4B-43AD-BFCE-FF6272ECEE06}.Release|Any CPU.Build.0 = Release|Any CPU
		{159DFA89-AC92-4DCA-A109-AFC35C216DE0}.Debug|Any CPU.ActiveCfg = Debug|Any CPU
		{159DFA89-AC92-4DCA-A109-AFC35C216DE0}.Debug|Any CPU.Build.0 = Debug|Any CPU
		{159DFA89-AC92-4DCA-A109-AFC35C216DE0}.Release|Any CPU.ActiveCfg = Release|Any CPU
		{159DFA89-AC92-4DCA-A109-AFC35C216DE0}.Release|Any CPU.Build.0 = Release|Any CPU
		{2E36DA2E-CBF1-4A50-A71A-BADA0726BAFC}.Debug|Any CPU.ActiveCfg = Debug|Any CPU
		{2E36DA2E-CBF1-4A50-A71A-BADA0726BAFC}.Debug|Any CPU.Build.0 = Debug|Any CPU
		{2E36DA2E-CBF1-4A50-A71A-BADA0726BAFC}.Release|Any CPU.ActiveCfg = Release|Any CPU
		{2E36DA2E-CBF1-4A50-A71A-BADA0726BAFC}.Release|Any CPU.Build.0 = Release|Any CPU
	EndGlobalSection
	GlobalSection(SolutionProperties) = preSolution
		HideSolutionNode = FALSE
	EndGlobalSection
	GlobalSection(ExtensibilityGlobals) = postSolution
		SolutionGuid = {60C37D83-DE27-4FB8-8E3D-6A77639DFD81}
	EndGlobalSection
EndGlobal
